
Microsoft Visual Studio Solution File, Format Version 12.00
# Visual Studio Version 17
VisualStudioVersion = 17.5.002.0
MinimumVisualStudioVersion = 10.0.40219.1
Project("{2150E333-8FDC-42A3-9474-1A3956D46DE8}") = "src", "src", "{4D52DD42-15D5-433F-A73B-804742FD4E03}"
EndProject
Project("{9A19103F-16F7-4668-BE54-9A1E7A4F7556}") = "VoiceVolumeSaver", "src\VoiceVolumeSaver\VoiceVolumeSaver.csproj", "{1FF9DB8D-F5CF-4D97-89A3-787795E8E611}"
EndProject
Global
	GlobalSection(SolutionConfigurationPlatforms) = preSolution
		Debug|Any CPU = Debug|Any CPU
		Release|Any CPU = Release|Any CPU
	EndGlobalSection
	GlobalSection(ProjectConfigurationPlatforms) = postSolution
		{1FF9DB8D-F5CF-4D97-89A3-787795E8E611}.Debug|Any CPU.ActiveCfg = Debug|Any CPU
		{1FF9DB8D-F5CF-4D97-89A3-787795E8E611}.Debug|Any CPU.Build.0 = Debug|Any CPU
		{1FF9DB8D-F5CF-4D97-89A3-787795E8E611}.Release|Any CPU.ActiveCfg = Release|Any CPU
		{1FF9DB8D-F5CF-4D97-89A3-787795E8E611}.Release|Any CPU.Build.0 = Release|Any CPU
	EndGlobalSection
	GlobalSection(SolutionProperties) = preSolution
		HideSolutionNode = FALSE
	EndGlobalSection
	GlobalSection(NestedProjects) = preSolution
		{1FF9DB8D-F5CF-4D97-89A3-787795E8E611} = {4D52DD42-15D5-433F-A73B-804742FD4E03}
	EndGlobalSection
	GlobalSection(ExtensibilityGlobals) = postSolution
		SolutionGuid = {92F6D475-68F0-44D6-A1AF-A28F5948E381}
	EndGlobalSection
EndGlobal
